
Microsoft Visual Studio Solution File, Format Version 12.00
# Visual Studio 15
VisualStudioVersion = 15.0.28010.2046
MinimumVisualStudioVersion = 10.0.40219.1
Project("{9A19103F-16F7-4668-BE54-9A1E7A4F7556}") = "Ronma.Mind", "Ronma.Mind\Ronma.Mind.csproj", "{75365791-5506-48E8-A672-5BBC93B43BE1}"
EndProject
Project("{2150E333-8FDC-42A3-9474-1A3956D46DE8}") = "Ronma.Core", "Ronma.Core", "{E4D529D5-3BC5-4245-A053-2FB0133AB4F9}"
EndProject
Project("{FAE04EC0-301F-11D3-BF4B-00C04F79EFBC}") = "Ronma.Core.Protocol", "Ronma.Core\Ronma.Core.Protocol\Ronma.Core.Protocol.csproj", "{06192CC4-A63C-443A-941B-75892D98C569}"
EndProject
Project("{FAE04EC0-301F-11D3-BF4B-00C04F79EFBC}") = "Ronma.Core.Bus", "Ronma.Core\Ronma.Core.Bus\Ronma.Core.Bus.csproj", "{F6DA8C5F-20B8-4F5C-ADA0-A8A9223057F4}"
EndProject
Project("{2150E333-8FDC-42A3-9474-1A3956D46DE8}") = "Services", "Services", "{2753D1E8-08DF-47BB-AE36-F80FC3DA75FF}"
EndProject
Project("{FAE04EC0-301F-11D3-BF4B-00C04F79EFBC}") = "Ronma.Core.Services.Output.Console", "Ronma.Core\Ronma.Core.Services\Ronma.Core.Services.Output\Ronma.Core.Services.Output.Console\Ronma.Core.Services.Output.Console.csproj", "{BED83054-004F-405C-BCCA-C9992D87CA6A}"
EndProject
Project("{FAE04EC0-301F-11D3-BF4B-00C04F79EFBC}") = "Ronma.Core.Dispatch", "Ronma.Core\Ronma.Core.Dispatch\Ronma.Core.Dispatch.csproj", "{CF267D19-E9E0-4166-B870-E0D97B8D09A7}"
EndProject
Global
	GlobalSection(SolutionConfigurationPlatforms) = preSolution
		Debug|Any CPU = Debug|Any CPU
		Release|Any CPU = Release|Any CPU
	EndGlobalSection
	GlobalSection(ProjectConfigurationPlatforms) = postSolution
		{75365791-5506-48E8-A672-5BBC93B43BE1}.Debug|Any CPU.ActiveCfg = Debug|Any CPU
		{75365791-5506-48E8-A672-5BBC93B43BE1}.Debug|Any CPU.Build.0 = Debug|Any CPU
		{75365791-5506-48E8-A672-5BBC93B43BE1}.Release|Any CPU.ActiveCfg = Release|Any CPU
		{75365791-5506-48E8-A672-5BBC93B43BE1}.Release|Any CPU.Build.0 = Release|Any CPU
		{06192CC4-A63C-443A-941B-75892D98C569}.Debug|Any CPU.ActiveCfg = Debug|Any CPU
		{06192CC4-A63C-443A-941B-75892D98C569}.Debug|Any CPU.Build.0 = Debug|Any CPU
		{06192CC4-A63C-443A-941B-75892D98C569}.Release|Any CPU.ActiveCfg = Release|Any CPU
		{06192CC4-A63C-443A-941B-75892D98C569}.Release|Any CPU.Build.0 = Release|Any CPU
		{F6DA8C5F-20B8-4F5C-ADA0-A8A9223057F4}.Debug|Any CPU.ActiveCfg = Debug|Any CPU
		{F6DA8C5F-20B8-4F5C-ADA0-A8A9223057F4}.Debug|Any CPU.Build.0 = Debug|Any CPU
		{F6DA8C5F-20B8-4F5C-ADA0-A8A9223057F4}.Release|Any CPU.ActiveCfg = Release|Any CPU
		{F6DA8C5F-20B8-4F5C-ADA0-A8A9223057F4}.Release|Any CPU.Build.0 = Release|Any CPU
		{BED83054-004F-405C-BCCA-C9992D87CA6A}.Debug|Any CPU.ActiveCfg = Debug|Any CPU
		{BED83054-004F-405C-BCCA-C9992D87CA6A}.Debug|Any CPU.Build.0 = Debug|Any CPU
		{BED83054-004F-405C-BCCA-C9992D87CA6A}.Release|Any CPU.ActiveCfg = Release|Any CPU
		{BED83054-004F-405C-BCCA-C9992D87CA6A}.Release|Any CPU.Build.0 = Release|Any CPU
		{CF267D19-E9E0-4166-B870-E0D97B8D09A7}.Debug|Any CPU.ActiveCfg = Debug|Any CPU
		{CF267D19-E9E0-4166-B870-E0D97B8D09A7}.Debug|Any CPU.Build.0 = Debug|Any CPU
		{CF267D19-E9E0-4166-B870-E0D97B8D09A7}.Release|Any CPU.ActiveCfg = Release|Any CPU
		{CF267D19-E9E0-4166-B870-E0D97B8D09A7}.Release|Any CPU.Build.0 = Release|Any CPU
	EndGlobalSection
	GlobalSection(SolutionProperties) = preSolution
		HideSolutionNode = FALSE
	EndGlobalSection
	GlobalSection(NestedProjects) = preSolution
		{06192CC4-A63C-443A-941B-75892D98C569} = {E4D529D5-3BC5-4245-A053-2FB0133AB4F9}
		{F6DA8C5F-20B8-4F5C-ADA0-A8A9223057F4} = {E4D529D5-3BC5-4245-A053-2FB0133AB4F9}
		{2753D1E8-08DF-47BB-AE36-F80FC3DA75FF} = {E4D529D5-3BC5-4245-A053-2FB0133AB4F9}
		{BED83054-004F-405C-BCCA-C9992D87CA6A} = {2753D1E8-08DF-47BB-AE36-F80FC3DA75FF}
		{CF267D19-E9E0-4166-B870-E0D97B8D09A7} = {E4D529D5-3BC5-4245-A053-2FB0133AB4F9}
	EndGlobalSection
	GlobalSection(ExtensibilityGlobals) = postSolution
		SolutionGuid = {E44F1044-7570-45FD-A477-CD7029CECDC8}
	EndGlobalSection
EndGlobal
