
Microsoft Visual Studio Solution File, Format Version 12.00
# Visual Studio Version 16
VisualStudioVersion = 16.0.29306.81
MinimumVisualStudioVersion = 10.0.40219.1
Project("{9A19103F-16F7-4668-BE54-9A1E7A4F7556}") = "Ronma.Mind", "Ronma.Mind\Ronma.Mind.csproj", "{75365791-5506-48E8-A672-5BBC93B43BE1}"
EndProject
Project("{2150E333-8FDC-42A3-9474-1A3956D46DE8}") = "Ronma.Core", "Ronma.Core", "{E4D529D5-3BC5-4245-A053-2FB0133AB4F9}"
EndProject
Project("{9A19103F-16F7-4668-BE54-9A1E7A4F7556}") = "Ronma.Core.Protocol", "Ronma.Core\Ronma.Core.Protocol\Ronma.Core.Protocol.csproj", "{06192CC4-A63C-443A-941B-75892D98C569}"
EndProject
Project("{9A19103F-16F7-4668-BE54-9A1E7A4F7556}") = "Ronma.Core.Bus", "Ronma.Core\Ronma.Core.Bus\Ronma.Core.Bus.csproj", "{F6DA8C5F-20B8-4F5C-ADA0-A8A9223057F4}"
EndProject
Project("{2150E333-8FDC-42A3-9474-1A3956D46DE8}") = "Service", "Service", "{2753D1E8-08DF-47BB-AE36-F80FC3DA75FF}"
EndProject
Project("{9A19103F-16F7-4668-BE54-9A1E7A4F7556}") = "Ronma.Core.Dispatch", "Ronma.Core\Ronma.Core.Dispatch\Ronma.Core.Dispatch.csproj", "{CF267D19-E9E0-4166-B870-E0D97B8D09A7}"
EndProject
Project("{2150E333-8FDC-42A3-9474-1A3956D46DE8}") = "Control", "Control", "{5755E3C7-8BC1-4C60-BB1E-57C0E79CC2C6}"
EndProject
Project("{2150E333-8FDC-42A3-9474-1A3956D46DE8}") = "Input", "Input", "{96AF7F13-CE9A-4DFF-A37F-5EE64144E5E2}"
EndProject
Project("{2150E333-8FDC-42A3-9474-1A3956D46DE8}") = "Output", "Output", "{56D4FE14-FDC1-4178-8F9A-02A7546FE2CE}"
EndProject
Project("{9A19103F-16F7-4668-BE54-9A1E7A4F7556}") = "Console", "Ronma.Core\Ronma.Core.Service\Output\Console\Console.csproj", "{7606AF8E-C19A-46E3-8AF0-D0B65B4DB04C}"
EndProject
Project("{FAE04EC0-301F-11D3-BF4B-00C04F79EFBC}") = "RabbitBus", "Ronma.Core\Ronma.Core.Service\Control\RabbitBus\RabbitBus.csproj", "{C86F9F12-9BAF-4271-A690-E72F4487AC65}"
EndProject
Global
	GlobalSection(SolutionConfigurationPlatforms) = preSolution
		Debug|Any CPU = Debug|Any CPU
		Release|Any CPU = Release|Any CPU
	EndGlobalSection
	GlobalSection(ProjectConfigurationPlatforms) = postSolution
		{75365791-5506-48E8-A672-5BBC93B43BE1}.Debug|Any CPU.ActiveCfg = Debug|Any CPU
		{75365791-5506-48E8-A672-5BBC93B43BE1}.Debug|Any CPU.Build.0 = Debug|Any CPU
		{75365791-5506-48E8-A672-5BBC93B43BE1}.Release|Any CPU.ActiveCfg = Release|Any CPU
		{75365791-5506-48E8-A672-5BBC93B43BE1}.Release|Any CPU.Build.0 = Release|Any CPU
		{06192CC4-A63C-443A-941B-75892D98C569}.Debug|Any CPU.ActiveCfg = Debug|Any CPU
		{06192CC4-A63C-443A-941B-75892D98C569}.Debug|Any CPU.Build.0 = Debug|Any CPU
		{06192CC4-A63C-443A-941B-75892D98C569}.Release|Any CPU.ActiveCfg = Release|Any CPU
		{06192CC4-A63C-443A-941B-75892D98C569}.Release|Any CPU.Build.0 = Release|Any CPU
		{F6DA8C5F-20B8-4F5C-ADA0-A8A9223057F4}.Debug|Any CPU.ActiveCfg = Debug|Any CPU
		{F6DA8C5F-20B8-4F5C-ADA0-A8A9223057F4}.Debug|Any CPU.Build.0 = Debug|Any CPU
		{F6DA8C5F-20B8-4F5C-ADA0-A8A9223057F4}.Release|Any CPU.ActiveCfg = Release|Any CPU
		{F6DA8C5F-20B8-4F5C-ADA0-A8A9223057F4}.Release|Any CPU.Build.0 = Release|Any CPU
		{CF267D19-E9E0-4166-B870-E0D97B8D09A7}.Debug|Any CPU.ActiveCfg = Debug|Any CPU
		{CF267D19-E9E0-4166-B870-E0D97B8D09A7}.Debug|Any CPU.Build.0 = Debug|Any CPU
		{CF267D19-E9E0-4166-B870-E0D97B8D09A7}.Release|Any CPU.ActiveCfg = Release|Any CPU
		{CF267D19-E9E0-4166-B870-E0D97B8D09A7}.Release|Any CPU.Build.0 = Release|Any CPU
		{7606AF8E-C19A-46E3-8AF0-D0B65B4DB04C}.Debug|Any CPU.ActiveCfg = Debug|Any CPU
		{7606AF8E-C19A-46E3-8AF0-D0B65B4DB04C}.Debug|Any CPU.Build.0 = Debug|Any CPU
		{7606AF8E-C19A-46E3-8AF0-D0B65B4DB04C}.Release|Any CPU.ActiveCfg = Release|Any CPU
		{7606AF8E-C19A-46E3-8AF0-D0B65B4DB04C}.Release|Any CPU.Build.0 = Release|Any CPU
		{C86F9F12-9BAF-4271-A690-E72F4487AC65}.Debug|Any CPU.ActiveCfg = Debug|Any CPU
		{C86F9F12-9BAF-4271-A690-E72F4487AC65}.Debug|Any CPU.Build.0 = Debug|Any CPU
		{C86F9F12-9BAF-4271-A690-E72F4487AC65}.Release|Any CPU.ActiveCfg = Release|Any CPU
		{C86F9F12-9BAF-4271-A690-E72F4487AC65}.Release|Any CPU.Build.0 = Release|Any CPU
	EndGlobalSection
	GlobalSection(SolutionProperties) = preSolution
		HideSolutionNode = FALSE
	EndGlobalSection
	GlobalSection(NestedProjects) = preSolution
		{06192CC4-A63C-443A-941B-75892D98C569} = {E4D529D5-3BC5-4245-A053-2FB0133AB4F9}
		{F6DA8C5F-20B8-4F5C-ADA0-A8A9223057F4} = {E4D529D5-3BC5-4245-A053-2FB0133AB4F9}
		{2753D1E8-08DF-47BB-AE36-F80FC3DA75FF} = {E4D529D5-3BC5-4245-A053-2FB0133AB4F9}
		{CF267D19-E9E0-4166-B870-E0D97B8D09A7} = {E4D529D5-3BC5-4245-A053-2FB0133AB4F9}
		{5755E3C7-8BC1-4C60-BB1E-57C0E79CC2C6} = {2753D1E8-08DF-47BB-AE36-F80FC3DA75FF}
		{96AF7F13-CE9A-4DFF-A37F-5EE64144E5E2} = {2753D1E8-08DF-47BB-AE36-F80FC3DA75FF}
		{56D4FE14-FDC1-4178-8F9A-02A7546FE2CE} = {2753D1E8-08DF-47BB-AE36-F80FC3DA75FF}
		{7606AF8E-C19A-46E3-8AF0-D0B65B4DB04C} = {56D4FE14-FDC1-4178-8F9A-02A7546FE2CE}
		{C86F9F12-9BAF-4271-A690-E72F4487AC65} = {5755E3C7-8BC1-4C60-BB1E-57C0E79CC2C6}
	EndGlobalSection
	GlobalSection(ExtensibilityGlobals) = postSolution
		SolutionGuid = {E44F1044-7570-45FD-A477-CD7029CECDC8}
	EndGlobalSection
EndGlobal
